{
  "markbot": "0d30a04abc130154bf8651b1ea92bafbfffe5fcf33ced677b5591e936cfc0a3a",
  "markbotignore": "030a4e6e1b3b6b510514a7ae54576e2c2ef762d56236c6414ef634955d96a126",
  "index-320.png": "b37209f3db0809dbfe55821cfd366a9f277508bdab4f52853b0bf6f3eb9f200f",
  "index-400.png": "2436a91c5225aacddd1bccdc3fd7791ac7b974b01c7c4dd1944ed050a10ada14",
  "index-608.png": "2e2859eb4da488b3c205d63ae3ff78b3bee656bb892196e64605ba4af689d689",
  "index-960.png": "057940b3a1199a4c334af48e1e4cadd00c353111640b99ff879201ea087bbd25",
  "index-1440.png": "26d704d3a9287c6424badd275b63f9457e45f55defacc1a5b8ce50f5594b861d"
}